
Microsoft Visual Studio Solution File, Format Version 12.00
# Visual Studio Version 17
VisualStudioVersion = 17.6.33723.286
MinimumVisualStudioVersion = 10.0.40219.1
Project("{FAE04EC0-301F-11D3-BF4B-00C04F79EFBC}") = "elogoTest", "elogoTest\elogoTest.csproj", "{04B527AD-CB45-46A1-92D9-B9A2613A3658}"
EndProject
Global
	GlobalSection(SolutionConfigurationPlatforms) = preSolution
		Debug|Any CPU = Debug|Any CPU
		Release|Any CPU = Release|Any CPU
	EndGlobalSection
	GlobalSection(ProjectConfigurationPlatforms) = postSolution
		{04B527AD-CB45-46A1-92D9-B9A2613A3658}.Debug|Any CPU.ActiveCfg = Debug|Any CPU
		{04B527AD-CB45-46A1-92D9-B9A2613A3658}.Debug|Any CPU.Build.0 = Debug|Any CPU
		{04B527AD-CB45-46A1-92D9-B9A2613A3658}.Release|Any CPU.ActiveCfg = Release|Any CPU
		{04B527AD-CB45-46A1-92D9-B9A2613A3658}.Release|Any CPU.Build.0 = Release|Any CPU
	EndGlobalSection
	GlobalSection(SolutionProperties) = preSolution
		HideSolutionNode = FALSE
	EndGlobalSection
	GlobalSection(ExtensibilityGlobals) = postSolution
		SolutionGuid = {2C3C19EB-AB38-447B-96F4-24D76D6622CA}
	EndGlobalSection
EndGlobal
